
Microsoft Visual Studio Solution File, Format Version 12.00
# Visual Studio 15
VisualStudioVersion = 15.0.27130.2020
MinimumVisualStudioVersion = 10.0.40219.1
Project("{FAE04EC0-301F-11D3-BF4B-00C04F79EFBC}") = "BattleshipClient", "BattleshipClient\BattleshipClient.csproj", "{A87F0B39-EB47-47E0-8991-69A89C72FFCD}"
EndProject
Project("{FAE04EC0-301F-11D3-BF4B-00C04F79EFBC}") = "BattleshipModel", "BattleshipModel\BattleshipModel.csproj", "{104ED67F-398F-4C8F-8145-4788194EECC1}"
EndProject
Project("{FAE04EC0-301F-11D3-BF4B-00C04F79EFBC}") = "BattleshipServer", "BattleshipServer\BattleshipServer.csproj", "{CAF51A85-2089-4E19-BFC5-430419453201}"
EndProject
Global
	GlobalSection(SolutionConfigurationPlatforms) = preSolution
		Debug|Any CPU = Debug|Any CPU
		Release|Any CPU = Release|Any CPU
	EndGlobalSection
	GlobalSection(ProjectConfigurationPlatforms) = postSolution
		{A87F0B39-EB47-47E0-8991-69A89C72FFCD}.Debug|Any CPU.ActiveCfg = Debug|Any CPU
		{A87F0B39-EB47-47E0-8991-69A89C72FFCD}.Debug|Any CPU.Build.0 = Debug|Any CPU
		{A87F0B39-EB47-47E0-8991-69A89C72FFCD}.Release|Any CPU.ActiveCfg = Release|Any CPU
		{A87F0B39-EB47-47E0-8991-69A89C72FFCD}.Release|Any CPU.Build.0 = Release|Any CPU
		{104ED67F-398F-4C8F-8145-4788194EECC1}.Debug|Any CPU.ActiveCfg = Debug|Any CPU
		{104ED67F-398F-4C8F-8145-4788194EECC1}.Debug|Any CPU.Build.0 = Debug|Any CPU
		{104ED67F-398F-4C8F-8145-4788194EECC1}.Release|Any CPU.ActiveCfg = Release|Any CPU
		{104ED67F-398F-4C8F-8145-4788194EECC1}.Release|Any CPU.Build.0 = Release|Any CPU
		{CAF51A85-2089-4E19-BFC5-430419453201}.Debug|Any CPU.ActiveCfg = Debug|Any CPU
		{CAF51A85-2089-4E19-BFC5-430419453201}.Debug|Any CPU.Build.0 = Debug|Any CPU
		{CAF51A85-2089-4E19-BFC5-430419453201}.Release|Any CPU.ActiveCfg = Release|Any CPU
		{CAF51A85-2089-4E19-BFC5-430419453201}.Release|Any CPU.Build.0 = Release|Any CPU
	EndGlobalSection
	GlobalSection(SolutionProperties) = preSolution
		HideSolutionNode = FALSE
	EndGlobalSection
	GlobalSection(ExtensibilityGlobals) = postSolution
		SolutionGuid = {141222BB-864A-4248-9FB7-2F62E5DC454B}
	EndGlobalSection
EndGlobal
